
Microsoft Visual Studio Solution File, Format Version 12.00
# Visual Studio 15
VisualStudioVersion = 15.0.28010.2016
MinimumVisualStudioVersion = 10.0.40219.1
Project("{FAE04EC0-301F-11D3-BF4B-00C04F79EFBC}") = "EpamFinalProject", "EpamFinalProject\EpamFinalProject.csproj", "{9DC467D4-0883-4D0F-891A-25EB361D3325}"
EndProject
Global
	GlobalSection(SolutionConfigurationPlatforms) = preSolution
		Debug|Any CPU = Debug|Any CPU
		Release|Any CPU = Release|Any CPU
	EndGlobalSection
	GlobalSection(ProjectConfigurationPlatforms) = postSolution
		{9DC467D4-0883-4D0F-891A-25EB361D3325}.Debug|Any CPU.ActiveCfg = Debug|Any CPU
		{9DC467D4-0883-4D0F-891A-25EB361D3325}.Debug|Any CPU.Build.0 = Debug|Any CPU
		{9DC467D4-0883-4D0F-891A-25EB361D3325}.Release|Any CPU.ActiveCfg = Release|Any CPU
		{9DC467D4-0883-4D0F-891A-25EB361D3325}.Release|Any CPU.Build.0 = Release|Any CPU
	EndGlobalSection
	GlobalSection(SolutionProperties) = preSolution
		HideSolutionNode = FALSE
	EndGlobalSection
	GlobalSection(ExtensibilityGlobals) = postSolution
		SolutionGuid = {9425D374-F2DB-47BD-AF68-0223EB1B2499}
	EndGlobalSection
EndGlobal
